
Microsoft Visual Studio Solution File, Format Version 12.00
# Visual Studio Version 16
VisualStudioVersion = 16.0.33214.272
MinimumVisualStudioVersion = 10.0.40219.1
Project("{FAE04EC0-301F-11D3-BF4B-00C04F79EFBC}") = "Carusel.Android", "Carusel.Android\Carusel.Android.csproj", "{A1E06DA0-1348-4945-9CC2-0E270A6AA121}"
EndProject
Project("{FAE04EC0-301F-11D3-BF4B-00C04F79EFBC}") = "Carusel", "Carusel\Carusel.csproj", "{8CC268A5-2485-41B1-9F34-172B88A0084C}"
EndProject
Global
	GlobalSection(SolutionConfigurationPlatforms) = preSolution
		Debug|Any CPU = Debug|Any CPU
		Release|Any CPU = Release|Any CPU
	EndGlobalSection
	GlobalSection(ProjectConfigurationPlatforms) = postSolution
		{A1E06DA0-1348-4945-9CC2-0E270A6AA121}.Debug|Any CPU.ActiveCfg = Debug|Any CPU
		{A1E06DA0-1348-4945-9CC2-0E270A6AA121}.Debug|Any CPU.Build.0 = Debug|Any CPU
		{A1E06DA0-1348-4945-9CC2-0E270A6AA121}.Debug|Any CPU.Deploy.0 = Debug|Any CPU
		{A1E06DA0-1348-4945-9CC2-0E270A6AA121}.Release|Any CPU.ActiveCfg = Release|Any CPU
		{A1E06DA0-1348-4945-9CC2-0E270A6AA121}.Release|Any CPU.Build.0 = Release|Any CPU
		{A1E06DA0-1348-4945-9CC2-0E270A6AA121}.Release|Any CPU.Deploy.0 = Release|Any CPU
		{8CC268A5-2485-41B1-9F34-172B88A0084C}.Debug|Any CPU.ActiveCfg = Debug|Any CPU
		{8CC268A5-2485-41B1-9F34-172B88A0084C}.Debug|Any CPU.Build.0 = Debug|Any CPU
		{8CC268A5-2485-41B1-9F34-172B88A0084C}.Debug|Any CPU.Deploy.0 = Debug|Any CPU
		{8CC268A5-2485-41B1-9F34-172B88A0084C}.Release|Any CPU.ActiveCfg = Release|Any CPU
		{8CC268A5-2485-41B1-9F34-172B88A0084C}.Release|Any CPU.Build.0 = Release|Any CPU
		{8CC268A5-2485-41B1-9F34-172B88A0084C}.Release|Any CPU.Deploy.0 = Release|Any CPU
	EndGlobalSection
	GlobalSection(SolutionProperties) = preSolution
		HideSolutionNode = FALSE
	EndGlobalSection
	GlobalSection(ExtensibilityGlobals) = postSolution
		SolutionGuid = {A3BB340C-A294-44B0-8558-6CEA99B0AFF8}
	EndGlobalSection
EndGlobal
